// !$*UTF8*$!
{
	archiveVersion = 1;
	classes = {
	};
	objectVersion = 46;
	objects = {

/* Begin PBXBuildFile section */
		323E330A14D86C6100404FC9 /* UIKit.framework in Frameworks */ = {isa = PBXBuildFile; fileRef = 323E330914D86C6100404FC9 /* UIKit.framework */; };
		323E330C14D86C6100404FC9 /* Foundation.framework in Frameworks */ = {isa = PBXBuildFile; fileRef = 323E330B14D86C6100404FC9 /* Foundation.framework */; };
		323E330E14D86C6100404FC9 /* CoreGraphics.framework in Frameworks */ = {isa = PBXBuildFile; fileRef = 323E330D14D86C6100404FC9 /* CoreGraphics.framework */; };
		323E331014D86C6100404FC9 /* CoreData.framework in Frameworks */ = {isa = PBXBuildFile; fileRef = 323E330F14D86C6100404FC9 /* CoreData.framework */; };
		323E331614D86C6100404FC9 /* InfoPlist.strings in Resources */ = {isa = PBXBuildFile; fileRef = 323E331414D86C6100404FC9 /* InfoPlist.strings */; };
		323E331914D86C6100404FC9 /* main.m in Sources */ = {isa = PBXBuildFile; fileRef = 323E331814D86C6100404FC9 /* main.m */; };
		323E331C14D86C6100404FC9 /* JenkinsAppDelegate.m in Sources */ = {isa = PBXBuildFile; fileRef = 323E331B14D86C6100404FC9 /* JenkinsAppDelegate.m */; };
		323E331F14D86C6200404FC9 /* Jenkins.xcdatamodeld in Sources */ = {isa = PBXBuildFile; fileRef = 323E331D14D86C6200404FC9 /* Jenkins.xcdatamodeld */; };
		323E332214D86C6200404FC9 /* MainWindow.xib in Resources */ = {isa = PBXBuildFile; fileRef = 323E332014D86C6200404FC9 /* MainWindow.xib */; };
		323E332514D86C6200404FC9 /* RootViewController.m in Sources */ = {isa = PBXBuildFile; fileRef = 323E332414D86C6200404FC9 /* RootViewController.m */; };
		323E332814D86C6200404FC9 /* RootViewController.xib in Resources */ = {isa = PBXBuildFile; fileRef = 323E332614D86C6200404FC9 /* RootViewController.xib */; };
		323E332F14D86C6200404FC9 /* UIKit.framework in Frameworks */ = {isa = PBXBuildFile; fileRef = 323E330914D86C6100404FC9 /* UIKit.framework */; };
		323E333014D86C6200404FC9 /* Foundation.framework in Frameworks */ = {isa = PBXBuildFile; fileRef = 323E330B14D86C6100404FC9 /* Foundation.framework */; };
		323E333114D86C6200404FC9 /* CoreGraphics.framework in Frameworks */ = {isa = PBXBuildFile; fileRef = 323E330D14D86C6100404FC9 /* CoreGraphics.framework */; };
		323E333214D86C6200404FC9 /* CoreData.framework in Frameworks */ = {isa = PBXBuildFile; fileRef = 323E330F14D86C6100404FC9 /* CoreData.framework */; };
		323E333A14D86C6200404FC9 /* InfoPlist.strings in Resources */ = {isa = PBXBuildFile; fileRef = 323E333814D86C6200404FC9 /* InfoPlist.strings */; };
		323E333D14D86C6200404FC9 /* JenkinsTests.h in Resources */ = {isa = PBXBuildFile; fileRef = 323E333C14D86C6200404FC9 /* JenkinsTests.h */; };
		323E333F14D86C6200404FC9 /* JenkinsTests.m in Sources */ = {isa = PBXBuildFile; fileRef = 323E333E14D86C6200404FC9 /* JenkinsTests.m */; };
		323E335314D871CA00404FC9 /* JenkinsJobsForView.m in Sources */ = {isa = PBXBuildFile; fileRef = 323E335114D871CA00404FC9 /* JenkinsJobsForView.m */; };
		323E335414D871CA00404FC9 /* JenkinsJobsForView.xib in Resources */ = {isa = PBXBuildFile; fileRef = 323E335214D871CA00404FC9 /* JenkinsJobsForView.xib */; };
		323E335B14D88F7600404FC9 /* JenkinsViewHelper.m in Sources */ = {isa = PBXBuildFile; fileRef = 323E335A14D88F7600404FC9 /* JenkinsViewHelper.m */; };
		323E336514D8936500404FC9 /* CFNetwork.framework in Frameworks */ = {isa = PBXBuildFile; fileRef = 323E336414D8936500404FC9 /* CFNetwork.framework */; };
		323E336714D8956500404FC9 /* SystemConfiguration.framework in Frameworks */ = {isa = PBXBuildFile; fileRef = 323E336614D8956500404FC9 /* SystemConfiguration.framework */; };
		323E336C14D8966000404FC9 /* JSONKit.m in Sources */ = {isa = PBXBuildFile; fileRef = 323E336B14D8966000404FC9 /* JSONKit.m */; };
		323E337014D8973A00404FC9 /* DictionaryHelper.m in Sources */ = {isa = PBXBuildFile; fileRef = 323E336F14D8973A00404FC9 /* DictionaryHelper.m */; };
		323E337314D8977500404FC9 /* StringHelper.m in Sources */ = {isa = PBXBuildFile; fileRef = 323E337214D8977500404FC9 /* StringHelper.m */; };
		323E338A14D8982400404FC9 /* AFHTTPClient.m in Sources */ = {isa = PBXBuildFile; fileRef = 323E337614D8982400404FC9 /* AFHTTPClient.m */; };
		323E338B14D8982400404FC9 /* AFHTTPRequestOperation.m in Sources */ = {isa = PBXBuildFile; fileRef = 323E337814D8982400404FC9 /* AFHTTPRequestOperation.m */; };
		323E338C14D8982400404FC9 /* AFImageCache.m in Sources */ = {isa = PBXBuildFile; fileRef = 323E337A14D8982400404FC9 /* AFImageCache.m */; };
		323E338D14D8982400404FC9 /* AFImageRequestOperation.m in Sources */ = {isa = PBXBuildFile; fileRef = 323E337C14D8982400404FC9 /* AFImageRequestOperation.m */; };
		323E338E14D8982400404FC9 /* AFJSONRequestOperation.m in Sources */ = {isa = PBXBuildFile; fileRef = 323E337E14D8982400404FC9 /* AFJSONRequestOperation.m */; };
		323E338F14D8982400404FC9 /* AFNetworkActivityIndicatorManager.m in Sources */ = {isa = PBXBuildFile; fileRef = 323E338014D8982400404FC9 /* AFNetworkActivityIndicatorManager.m */; };
		323E339014D8982400404FC9 /* AFPropertyListRequestOperation.m in Sources */ = {isa = PBXBuildFile; fileRef = 323E338314D8982400404FC9 /* AFPropertyListRequestOperation.m */; };
		323E339114D8982400404FC9 /* AFURLConnectionOperation.m in Sources */ = {isa = PBXBuildFile; fileRef = 323E338514D8982400404FC9 /* AFURLConnectionOperation.m */; };
		323E339214D8982400404FC9 /* AFXMLRequestOperation.m in Sources */ = {isa = PBXBuildFile; fileRef = 323E338714D8982400404FC9 /* AFXMLRequestOperation.m */; };
		323E339314D8982400404FC9 /* UIImageView+AFNetworking.m in Sources */ = {isa = PBXBuildFile; fileRef = 323E338914D8982400404FC9 /* UIImageView+AFNetworking.m */; };
		323E339614D898CA00404FC9 /* DataHelper.m in Sources */ = {isa = PBXBuildFile; fileRef = 323E339514D898CA00404FC9 /* DataHelper.m */; };
		32C0F55E14DB6F06008EB543 /* aborted_anime.png in Resources */ = {isa = PBXBuildFile; fileRef = 32C0F55D14DB6F06008EB543 /* aborted_anime.png */; };
		32C0F56114DB6F12008EB543 /* blank.png in Resources */ = {isa = PBXBuildFile; fileRef = 32C0F56014DB6F12008EB543 /* blank.png */; };
		32C0F56314DB70B5008EB543 /* folder.png in Resources */ = {isa = PBXBuildFile; fileRef = 32C0F56214DB70B5008EB543 /* folder.png */; };
		32C357E914D9D300000F5691 /* blue.png in Resources */ = {isa = PBXBuildFile; fileRef = 32C357DD14D9D300000F5691 /* blue.png */; };
		32C357EA14D9D300000F5691 /* clipboard.png in Resources */ = {isa = PBXBuildFile; fileRef = 32C357DE14D9D300000F5691 /* clipboard.png */; };
		32C357EB14D9D300000F5691 /* clock.png in Resources */ = {isa = PBXBuildFile; fileRef = 32C357DF14D9D300000F5691 /* clock.png */; };
		32C357EC14D9D300000F5691 /* grey.png in Resources */ = {isa = PBXBuildFile; fileRef = 32C357E014D9D300000F5691 /* grey.png */; };
		32C357ED14D9D300000F5691 /* health-00to19.png in Resources */ = {isa = PBXBuildFile; fileRef = 32C357E114D9D300000F5691 /* health-00to19.png */; };
		32C357EE14D9D300000F5691 /* health-20to39.png in Resources */ = {isa = PBXBuildFile; fileRef = 32C357E214D9D300000F5691 /* health-20to39.png */; };
		32C357EF14D9D300000F5691 /* health-40to59.png in Resources */ = {isa = PBXBuildFile; fileRef = 32C357E314D9D300000F5691 /* health-40to59.png */; };
		32C357F014D9D300000F5691 /* health-60to79.png in Resources */ = {isa = PBXBuildFile; fileRef = 32C357E414D9D300000F5691 /* health-60to79.png */; };
		32C357F114D9D300000F5691 /* health-80plus.png in Resources */ = {isa = PBXBuildFile; fileRef = 32C357E514D9D300000F5691 /* health-80plus.png */; };
		32C357F214D9D300000F5691 /* red.png in Resources */ = {isa = PBXBuildFile; fileRef = 32C357E614D9D300000F5691 /* red.png */; };
		32C357F314D9D300000F5691 /* terminal.png in Resources */ = {isa = PBXBuildFile; fileRef = 32C357E714D9D300000F5691 /* terminal.png */; };
		32C357F414D9D300000F5691 /* yellow.png in Resources */ = {isa = PBXBuildFile; fileRef = 32C357E814D9D300000F5691 /* yellow.png */; };
		32C357F714D9D931000F5691 /* aborted.png in Resources */ = {isa = PBXBuildFile; fileRef = 32C357F514D9D931000F5691 /* aborted.png */; };
		32C357F814D9D931000F5691 /* disabled.png in Resources */ = {isa = PBXBuildFile; fileRef = 32C357F614D9D931000F5691 /* disabled.png */; };
		32CCEFFC14DBBD0300CF66C0 /* package.png in Resources */ = {isa = PBXBuildFile; fileRef = 32CCEFFB14DBBD0300CF66C0 /* package.png */; };
		32DC63DE14DB18C00040FF4B /* JenkinsListAllViews.m in Sources */ = {isa = PBXBuildFile; fileRef = 32DC63DC14DB18C00040FF4B /* JenkinsListAllViews.m */; };
		32DC63DF14DB18C00040FF4B /* JenkinsListAllViews.xib in Resources */ = {isa = PBXBuildFile; fileRef = 32DC63DD14DB18C00040FF4B /* JenkinsListAllViews.xib */; };
		32DC63E914DB2CA70040FF4B /* JenkinsJobView.m in Sources */ = {isa = PBXBuildFile; fileRef = 32DC63E714DB2CA70040FF4B /* JenkinsJobView.m */; };
		32DC63EA14DB2CA70040FF4B /* JenkinsJobView.xib in Resources */ = {isa = PBXBuildFile; fileRef = 32DC63E814DB2CA70040FF4B /* JenkinsJobView.xib */; };
		32DC63EE14DB47B50040FF4B /* JobHelper.m in Sources */ = {isa = PBXBuildFile; fileRef = 32DC63ED14DB47B50040FF4B /* JobHelper.m */; };
		32DC63FB14DB679E0040FF4B /* blue_anime.png in Resources */ = {isa = PBXBuildFile; fileRef = 32DC63F714DB679D0040FF4B /* blue_anime.png */; };
		32DC63FC14DB679E0040FF4B /* grey_anime.png in Resources */ = {isa = PBXBuildFile; fileRef = 32DC63F814DB679E0040FF4B /* grey_anime.png */; };
		32DC63FD14DB679E0040FF4B /* red_anime.png in Resources */ = {isa = PBXBuildFile; fileRef = 32DC63F914DB679E0040FF4B /* red_anime.png */; };
		32DC63FE14DB679E0040FF4B /* yellow_anime.png in Resources */ = {isa = PBXBuildFile; fileRef = 32DC63FA14DB679E0040FF4B /* yellow_anime.png */; };
/* End PBXBuildFile section */

/* Begin PBXContainerItemProxy section */
		323E333314D86C6200404FC9 /* PBXContainerItemProxy */ = {
			isa = PBXContainerItemProxy;
			containerPortal = 323E32FC14D86C6100404FC9 /* Project object */;
			proxyType = 1;
			remoteGlobalIDString = 323E330414D86C6100404FC9;
			remoteInfo = Jenkins;
		};
/* End PBXContainerItemProxy section */

/* Begin PBXFileReference section */
		323E330514D86C6100404FC9 /* Jenkins.app */ = {isa = PBXFileReference; explicitFileType = wrapper.application; includeInIndex = 0; path = Jenkins.app; sourceTree = BUILT_PRODUCTS_DIR; };
		323E330914D86C6100404FC9 /* UIKit.framework */ = {isa = PBXFileReference; lastKnownFileType = wrapper.framework; name = UIKit.framework; path = System/Library/Frameworks/UIKit.framework; sourceTree = SDKROOT; };
		323E330B14D86C6100404FC9 /* Foundation.framework */ = {isa = PBXFileReference; lastKnownFileType = wrapper.framework; name = Foundation.framework; path = System/Library/Frameworks/Foundation.framework; sourceTree = SDKROOT; };
		323E330D14D86C6100404FC9 /* CoreGraphics.framework */ = {isa = PBXFileReference; lastKnownFileType = wrapper.framework; name = CoreGraphics.framework; path = System/Library/Frameworks/CoreGraphics.framework; sourceTree = SDKROOT; };
		323E330F14D86C6100404FC9 /* CoreData.framework */ = {isa = PBXFileReference; lastKnownFileType = wrapper.framework; name = CoreData.framework; path = System/Library/Frameworks/CoreData.framework; sourceTree = SDKROOT; };
		323E331314D86C6100404FC9 /* Jenkins-Info.plist */ = {isa = PBXFileReference; lastKnownFileType = text.plist.xml; path = "Jenkins-Info.plist"; sourceTree = "<group>"; };
		323E331514D86C6100404FC9 /* en */ = {isa = PBXFileReference; lastKnownFileType = text.plist.strings; name = en; path = en.lproj/InfoPlist.strings; sourceTree = "<group>"; };
		323E331714D86C6100404FC9 /* Jenkins-Prefix.pch */ = {isa = PBXFileReference; lastKnownFileType = sourcecode.c.h; path = "Jenkins-Prefix.pch"; sourceTree = "<group>"; };
		323E331814D86C6100404FC9 /* main.m */ = {isa = PBXFileReference; lastKnownFileType = sourcecode.c.objc; path = main.m; sourceTree = "<group>"; };
		323E331A14D86C6100404FC9 /* JenkinsAppDelegate.h */ = {isa = PBXFileReference; lastKnownFileType = sourcecode.c.h; path = JenkinsAppDelegate.h; sourceTree = "<group>"; };
		323E331B14D86C6100404FC9 /* JenkinsAppDelegate.m */ = {isa = PBXFileReference; lastKnownFileType = sourcecode.c.objc; path = JenkinsAppDelegate.m; sourceTree = "<group>"; };
		323E331E14D86C6200404FC9 /* Jenkins.xcdatamodel */ = {isa = PBXFileReference; lastKnownFileType = wrapper.xcdatamodel; path = Jenkins.xcdatamodel; sourceTree = "<group>"; };
		323E332114D86C6200404FC9 /* en */ = {isa = PBXFileReference; lastKnownFileType = file.xib; name = en; path = en.lproj/MainWindow.xib; sourceTree = "<group>"; };
		323E332314D86C6200404FC9 /* RootViewController.h */ = {isa = PBXFileReference; lastKnownFileType = sourcecode.c.h; path = RootViewController.h; sourceTree = "<group>"; };
		323E332414D86C6200404FC9 /* RootViewController.m */ = {isa = PBXFileReference; lastKnownFileType = sourcecode.c.objc; path = RootViewController.m; sourceTree = "<group>"; };
		323E332714D86C6200404FC9 /* en */ = {isa = PBXFileReference; lastKnownFileType = file.xib; name = en; path = en.lproj/RootViewController.xib; sourceTree = "<group>"; };
		323E332E14D86C6200404FC9 /* JenkinsTests.octest */ = {isa = PBXFileReference; explicitFileType = wrapper.cfbundle; includeInIndex = 0; path = JenkinsTests.octest; sourceTree = BUILT_PRODUCTS_DIR; };
		323E333714D86C6200404FC9 /* JenkinsTests-Info.plist */ = {isa = PBXFileReference; lastKnownFileType = text.plist.xml; path = "JenkinsTests-Info.plist"; sourceTree = "<group>"; };
		323E333914D86C6200404FC9 /* en */ = {isa = PBXFileReference; lastKnownFileType = text.plist.strings; name = en; path = en.lproj/InfoPlist.strings; sourceTree = "<group>"; };
		323E333B14D86C6200404FC9 /* JenkinsTests-Prefix.pch */ = {isa = PBXFileReference; lastKnownFileType = sourcecode.c.h; path = "JenkinsTests-Prefix.pch"; sourceTree = "<group>"; };
		323E333C14D86C6200404FC9 /* JenkinsTests.h */ = {isa = PBXFileReference; lastKnownFileType = sourcecode.c.h; path = JenkinsTests.h; sourceTree = "<group>"; };
		323E333E14D86C6200404FC9 /* JenkinsTests.m */ = {isa = PBXFileReference; lastKnownFileType = sourcecode.c.objc; path = JenkinsTests.m; sourceTree = "<group>"; };
		323E335014D871CA00404FC9 /* JenkinsJobsForView.h */ = {isa = PBXFileReference; fileEncoding = 4; lastKnownFileType = sourcecode.c.h; path = JenkinsJobsForView.h; sourceTree = "<group>"; };
		323E335114D871CA00404FC9 /* JenkinsJobsForView.m */ = {isa = PBXFileReference; fileEncoding = 4; lastKnownFileType = sourcecode.c.objc; path = JenkinsJobsForView.m; sourceTree = "<group>"; };
		323E335214D871CA00404FC9 /* JenkinsJobsForView.xib */ = {isa = PBXFileReference; fileEncoding = 4; lastKnownFileType = file.xib; path = JenkinsJobsForView.xib; sourceTree = "<group>"; };
		323E335914D88F7600404FC9 /* JenkinsViewHelper.h */ = {isa = PBXFileReference; fileEncoding = 4; lastKnownFileType = sourcecode.c.h; path = JenkinsViewHelper.h; sourceTree = "<group>"; };
		323E335A14D88F7600404FC9 /* JenkinsViewHelper.m */ = {isa = PBXFileReference; fileEncoding = 4; lastKnownFileType = sourcecode.c.objc; path = JenkinsViewHelper.m; sourceTree = "<group>"; };
		323E336414D8936500404FC9 /* CFNetwork.framework */ = {isa = PBXFileReference; lastKnownFileType = wrapper.framework; name = CFNetwork.framework; path = System/Library/Frameworks/CFNetwork.framework; sourceTree = SDKROOT; };
		323E336614D8956500404FC9 /* SystemConfiguration.framework */ = {isa = PBXFileReference; lastKnownFileType = wrapper.framework; name = SystemConfiguration.framework; path = System/Library/Frameworks/SystemConfiguration.framework; sourceTree = SDKROOT; };
		323E336814D895A100404FC9 /* CoreGraphics.framework */ = {isa = PBXFileReference; lastKnownFileType = wrapper.framework; name = CoreGraphics.framework; path = System/Library/Frameworks/CoreGraphics.framework; sourceTree = SDKROOT; };
		323E336A14D8966000404FC9 /* JSONKit.h */ = {isa = PBXFileReference; fileEncoding = 4; lastKnownFileType = sourcecode.c.h; path = JSONKit.h; sourceTree = "<group>"; };
		323E336B14D8966000404FC9 /* JSONKit.m */ = {isa = PBXFileReference; fileEncoding = 4; lastKnownFileType = sourcecode.c.objc; path = JSONKit.m; sourceTree = "<group>"; };
		323E336E14D8973A00404FC9 /* DictionaryHelper.h */ = {isa = PBXFileReference; fileEncoding = 4; lastKnownFileType = sourcecode.c.h; path = DictionaryHelper.h; sourceTree = "<group>"; };
		323E336F14D8973A00404FC9 /* DictionaryHelper.m */ = {isa = PBXFileReference; fileEncoding = 4; lastKnownFileType = sourcecode.c.objc; path = DictionaryHelper.m; sourceTree = "<group>"; };
		323E337114D8977500404FC9 /* StringHelper.h */ = {isa = PBXFileReference; fileEncoding = 4; lastKnownFileType = sourcecode.c.h; path = StringHelper.h; sourceTree = "<group>"; };
		323E337214D8977500404FC9 /* StringHelper.m */ = {isa = PBXFileReference; fileEncoding = 4; lastKnownFileType = sourcecode.c.objc; path = StringHelper.m; sourceTree = "<group>"; };
		323E337514D8982400404FC9 /* AFHTTPClient.h */ = {isa = PBXFileReference; fileEncoding = 4; lastKnownFileType = sourcecode.c.h; path = AFHTTPClient.h; sourceTree = "<group>"; };
		323E337614D8982400404FC9 /* AFHTTPClient.m */ = {isa = PBXFileReference; fileEncoding = 4; lastKnownFileType = sourcecode.c.objc; path = AFHTTPClient.m; sourceTree = "<group>"; };
		323E337714D8982400404FC9 /* AFHTTPRequestOperation.h */ = {isa = PBXFileReference; fileEncoding = 4; lastKnownFileType = sourcecode.c.h; path = AFHTTPRequestOperation.h; sourceTree = "<group>"; };
		323E337814D8982400404FC9 /* AFHTTPRequestOperation.m */ = {isa = PBXFileReference; fileEncoding = 4; lastKnownFileType = sourcecode.c.objc; path = AFHTTPRequestOperation.m; sourceTree = "<group>"; };
		323E337914D8982400404FC9 /* AFImageCache.h */ = {isa = PBXFileReference; fileEncoding = 4; lastKnownFileType = sourcecode.c.h; path = AFImageCache.h; sourceTree = "<group>"; };
		323E337A14D8982400404FC9 /* AFImageCache.m */ = {isa = PBXFileReference; fileEncoding = 4; lastKnownFileType = sourcecode.c.objc; path = AFImageCache.m; sourceTree = "<group>"; };
		323E337B14D8982400404FC9 /* AFImageRequestOperation.h */ = {isa = PBXFileReference; fileEncoding = 4; lastKnownFileType = sourcecode.c.h; path = AFImageRequestOperation.h; sourceTree = "<group>"; };
		323E337C14D8982400404FC9 /* AFImageRequestOperation.m */ = {isa = PBXFileReference; fileEncoding = 4; lastKnownFileType = sourcecode.c.objc; path = AFImageRequestOperation.m; sourceTree = "<group>"; };
		323E337D14D8982400404FC9 /* AFJSONRequestOperation.h */ = {isa = PBXFileReference; fileEncoding = 4; lastKnownFileType = sourcecode.c.h; path = AFJSONRequestOperation.h; sourceTree = "<group>"; };
		323E337E14D8982400404FC9 /* AFJSONRequestOperation.m */ = {isa = PBXFileReference; fileEncoding = 4; lastKnownFileType = sourcecode.c.objc; path = AFJSONRequestOperation.m; sourceTree = "<group>"; };
		323E337F14D8982400404FC9 /* AFNetworkActivityIndicatorManager.h */ = {isa = PBXFileReference; fileEncoding = 4; lastKnownFileType = sourcecode.c.h; path = AFNetworkActivityIndicatorManager.h; sourceTree = "<group>"; };
		323E338014D8982400404FC9 /* AFNetworkActivityIndicatorManager.m */ = {isa = PBXFileReference; fileEncoding = 4; lastKnownFileType = sourcecode.c.objc; path = AFNetworkActivityIndicatorManager.m; sourceTree = "<group>"; };
		323E338114D8982400404FC9 /* AFNetworking.h */ = {isa = PBXFileReference; fileEncoding = 4; lastKnownFileType = sourcecode.c.h; path = AFNetworking.h; sourceTree = "<group>"; };
		323E338214D8982400404FC9 /* AFPropertyListRequestOperation.h */ = {isa = PBXFileReference; fileEncoding = 4; lastKnownFileType = sourcecode.c.h; path = AFPropertyListRequestOperation.h; sourceTree = "<group>"; };
		323E338314D8982400404FC9 /* AFPropertyListRequestOperation.m */ = {isa = PBXFileReference; fileEncoding = 4; lastKnownFileType = sourcecode.c.objc; path = AFPropertyListRequestOperation.m; sourceTree = "<group>"; };
		323E338414D8982400404FC9 /* AFURLConnectionOperation.h */ = {isa = PBXFileReference; fileEncoding = 4; lastKnownFileType = sourcecode.c.h; path = AFURLConnectionOperation.h; sourceTree = "<group>"; };
		323E338514D8982400404FC9 /* AFURLConnectionOperation.m */ = {isa = PBXFileReference; fileEncoding = 4; lastKnownFileType = sourcecode.c.objc; path = AFURLConnectionOperation.m; sourceTree = "<group>"; };
		323E338614D8982400404FC9 /* AFXMLRequestOperation.h */ = {isa = PBXFileReference; fileEncoding = 4; lastKnownFileType = sourcecode.c.h; path = AFXMLRequestOperation.h; sourceTree = "<group>"; };
		323E338714D8982400404FC9 /* AFXMLRequestOperation.m */ = {isa = PBXFileReference; fileEncoding = 4; lastKnownFileType = sourcecode.c.objc; path = AFXMLRequestOperation.m; sourceTree = "<group>"; };
		323E338814D8982400404FC9 /* UIImageView+AFNetworking.h */ = {isa = PBXFileReference; fileEncoding = 4; lastKnownFileType = sourcecode.c.h; path = "UIImageView+AFNetworking.h"; sourceTree = "<group>"; };
		323E338914D8982400404FC9 /* UIImageView+AFNetworking.m */ = {isa = PBXFileReference; fileEncoding = 4; lastKnownFileType = sourcecode.c.objc; path = "UIImageView+AFNetworking.m"; sourceTree = "<group>"; };
		323E339414D898CA00404FC9 /* DataHelper.h */ = {isa = PBXFileReference; fileEncoding = 4; lastKnownFileType = sourcecode.c.h; path = DataHelper.h; sourceTree = "<group>"; };
		323E339514D898CA00404FC9 /* DataHelper.m */ = {isa = PBXFileReference; fileEncoding = 4; lastKnownFileType = sourcecode.c.objc; path = DataHelper.m; sourceTree = "<group>"; };
		32C0F55D14DB6F06008EB543 /* aborted_anime.png */ = {isa = PBXFileReference; lastKnownFileType = image.png; path = aborted_anime.png; sourceTree = "<group>"; };
		32C0F56014DB6F12008EB543 /* blank.png */ = {isa = PBXFileReference; lastKnownFileType = image.png; path = blank.png; sourceTree = "<group>"; };
		32C0F56214DB70B5008EB543 /* folder.png */ = {isa = PBXFileReference; lastKnownFileType = image.png; path = folder.png; sourceTree = "<group>"; };
		32C357DD14D9D300000F5691 /* blue.png */ = {isa = PBXFileReference; lastKnownFileType = image.png; path = blue.png; sourceTree = "<group>"; };
		32C357DE14D9D300000F5691 /* clipboard.png */ = {isa = PBXFileReference; lastKnownFileType = image.png; path = clipboard.png; sourceTree = "<group>"; };
		32C357DF14D9D300000F5691 /* clock.png */ = {isa = PBXFileReference; lastKnownFileType = image.png; path = clock.png; sourceTree = "<group>"; };
		32C357E014D9D300000F5691 /* grey.png */ = {isa = PBXFileReference; lastKnownFileType = image.png; path = grey.png; sourceTree = "<group>"; };
		32C357E114D9D300000F5691 /* health-00to19.png */ = {isa = PBXFileReference; lastKnownFileType = image.png; path = "health-00to19.png"; sourceTree = "<group>"; };
		32C357E214D9D300000F5691 /* health-20to39.png */ = {isa = PBXFileReference; lastKnownFileType = image.png; path = "health-20to39.png"; sourceTree = "<group>"; };
		32C357E314D9D300000F5691 /* health-40to59.png */ = {isa = PBXFileReference; lastKnownFileType = image.png; path = "health-40to59.png"; sourceTree = "<group>"; };
		32C357E414D9D300000F5691 /* health-60to79.png */ = {isa = PBXFileReference; lastKnownFileType = image.png; path = "health-60to79.png"; sourceTree = "<group>"; };
		32C357E514D9D300000F5691 /* health-80plus.png */ = {isa = PBXFileReference; lastKnownFileType = image.png; path = "health-80plus.png"; sourceTree = "<group>"; };
		32C357E614D9D300000F5691 /* red.png */ = {isa = PBXFileReference; lastKnownFileType = image.png; path = red.png; sourceTree = "<group>"; };
		32C357E714D9D300000F5691 /* terminal.png */ = {isa = PBXFileReference; lastKnownFileType = image.png; path = terminal.png; sourceTree = "<group>"; };
		32C357E814D9D300000F5691 /* yellow.png */ = {isa = PBXFileReference; lastKnownFileType = image.png; path = yellow.png; sourceTree = "<group>"; };
		32C357F514D9D931000F5691 /* aborted.png */ = {isa = PBXFileReference; lastKnownFileType = image.png; path = aborted.png; sourceTree = "<group>"; };
		32C357F614D9D931000F5691 /* disabled.png */ = {isa = PBXFileReference; lastKnownFileType = image.png; path = disabled.png; sourceTree = "<group>"; };
		32CCEFFB14DBBD0300CF66C0 /* package.png */ = {isa = PBXFileReference; lastKnownFileType = image.png; path = package.png; sourceTree = "<group>"; };
		32DC63DB14DB18C00040FF4B /* JenkinsListAllViews.h */ = {isa = PBXFileReference; fileEncoding = 4; lastKnownFileType = sourcecode.c.h; path = JenkinsListAllViews.h; sourceTree = "<group>"; };
		32DC63DC14DB18C00040FF4B /* JenkinsListAllViews.m */ = {isa = PBXFileReference; fileEncoding = 4; lastKnownFileType = sourcecode.c.objc; path = JenkinsListAllViews.m; sourceTree = "<group>"; };
		32DC63DD14DB18C00040FF4B /* JenkinsListAllViews.xib */ = {isa = PBXFileReference; fileEncoding = 4; lastKnownFileType = file.xib; path = JenkinsListAllViews.xib; sourceTree = "<group>"; };
		32DC63E614DB2CA70040FF4B /* JenkinsJobView.h */ = {isa = PBXFileReference; fileEncoding = 4; lastKnownFileType = sourcecode.c.h; path = JenkinsJobView.h; sourceTree = "<group>"; };
		32DC63E714DB2CA70040FF4B /* JenkinsJobView.m */ = {isa = PBXFileReference; fileEncoding = 4; lastKnownFileType = sourcecode.c.objc; path = JenkinsJobView.m; sourceTree = "<group>"; };
		32DC63E814DB2CA70040FF4B /* JenkinsJobView.xib */ = {isa = PBXFileReference; fileEncoding = 4; lastKnownFileType = file.xib; path = JenkinsJobView.xib; sourceTree = "<group>"; };
		32DC63EC14DB47B50040FF4B /* JobHelper.h */ = {isa = PBXFileReference; fileEncoding = 4; lastKnownFileType = sourcecode.c.h; path = JobHelper.h; sourceTree = "<group>"; };
		32DC63ED14DB47B50040FF4B /* JobHelper.m */ = {isa = PBXFileReference; fileEncoding = 4; lastKnownFileType = sourcecode.c.objc; path = JobHelper.m; sourceTree = "<group>"; };
		32DC63F714DB679D0040FF4B /* blue_anime.png */ = {isa = PBXFileReference; lastKnownFileType = image.png; path = blue_anime.png; sourceTree = "<group>"; };
		32DC63F814DB679E0040FF4B /* grey_anime.png */ = {isa = PBXFileReference; lastKnownFileType = image.png; path = grey_anime.png; sourceTree = "<group>"; };
		32DC63F914DB679E0040FF4B /* red_anime.png */ = {isa = PBXFileReference; lastKnownFileType = image.png; path = red_anime.png; sourceTree = "<group>"; };
		32DC63FA14DB679E0040FF4B /* yellow_anime.png */ = {isa = PBXFileReference; lastKnownFileType = image.png; path = yellow_anime.png; sourceTree = "<group>"; };
/* End PBXFileReference section */

/* Begin PBXFrameworksBuildPhase section */
		323E330214D86C6100404FC9 /* Frameworks */ = {
			isa = PBXFrameworksBuildPhase;
			buildActionMask = 2147483647;
			files = (
				323E330E14D86C6100404FC9 /* CoreGraphics.framework in Frameworks */,
				323E336714D8956500404FC9 /* SystemConfiguration.framework in Frameworks */,
				323E336514D8936500404FC9 /* CFNetwork.framework in Frameworks */,
				323E330A14D86C6100404FC9 /* UIKit.framework in Frameworks */,
				323E330C14D86C6100404FC9 /* Foundation.framework in Frameworks */,
				323E331014D86C6100404FC9 /* CoreData.framework in Frameworks */,
			);
			runOnlyForDeploymentPostprocessing = 0;
		};
		323E332A14D86C6200404FC9 /* Frameworks */ = {
			isa = PBXFrameworksBuildPhase;
			buildActionMask = 2147483647;
			files = (
				323E332F14D86C6200404FC9 /* UIKit.framework in Frameworks */,
				323E333014D86C6200404FC9 /* Foundation.framework in Frameworks */,
				323E333114D86C6200404FC9 /* CoreGraphics.framework in Frameworks */,
				323E333214D86C6200404FC9 /* CoreData.framework in Frameworks */,
			);
			runOnlyForDeploymentPostprocessing = 0;
		};
/* End PBXFrameworksBuildPhase section */

/* Begin PBXGroup section */
		323E32FA14D86C6100404FC9 = {
			isa = PBXGroup;
			children = (
				323E331114D86C6100404FC9 /* Jenkins */,
				323E333514D86C6200404FC9 /* JenkinsTests */,
				323E330814D86C6100404FC9 /* Frameworks */,
				323E330614D86C6100404FC9 /* Products */,
			);
			sourceTree = "<group>";
		};
		323E330614D86C6100404FC9 /* Products */ = {
			isa = PBXGroup;
			children = (
				323E330514D86C6100404FC9 /* Jenkins.app */,
				323E332E14D86C6200404FC9 /* JenkinsTests.octest */,
			);
			name = Products;
			sourceTree = "<group>";
		};
		323E330814D86C6100404FC9 /* Frameworks */ = {
			isa = PBXGroup;
			children = (
				323E336814D895A100404FC9 /* CoreGraphics.framework */,
				323E336614D8956500404FC9 /* SystemConfiguration.framework */,
				323E336414D8936500404FC9 /* CFNetwork.framework */,
				323E330914D86C6100404FC9 /* UIKit.framework */,
				323E330B14D86C6100404FC9 /* Foundation.framework */,
				323E330D14D86C6100404FC9 /* CoreGraphics.framework */,
				323E330F14D86C6100404FC9 /* CoreData.framework */,
			);
			name = Frameworks;
			sourceTree = "<group>";
		};
		323E331114D86C6100404FC9 /* Jenkins */ = {
			isa = PBXGroup;
			children = (
				329F0DB014DB7AF000AABFD0 /* JenkinsViews */,
				32C357DB14D9D2E3000F5691 /* Resources */,
				323E335814D88D6F00404FC9 /* Helpers */,
				323E335714D88CDF00404FC9 /* Misc */,
				323E335614D88CC500404FC9 /* RootViewController */,
				323E331214D86C6100404FC9 /* Supporting Files */,
			);
			path = Jenkins;
			sourceTree = "<group>";
		};
		323E331214D86C6100404FC9 /* Supporting Files */ = {
			isa = PBXGroup;
			children = (
				323E331314D86C6100404FC9 /* Jenkins-Info.plist */,
				323E331414D86C6100404FC9 /* InfoPlist.strings */,
				323E331714D86C6100404FC9 /* Jenkins-Prefix.pch */,
				323E331814D86C6100404FC9 /* main.m */,
			);
			name = "Supporting Files";
			sourceTree = "<group>";
		};
		323E333514D86C6200404FC9 /* JenkinsTests */ = {
			isa = PBXGroup;
			children = (
				323E333C14D86C6200404FC9 /* JenkinsTests.h */,
				323E333E14D86C6200404FC9 /* JenkinsTests.m */,
				323E333614D86C6200404FC9 /* Supporting Files */,
			);
			path = JenkinsTests;
			sourceTree = "<group>";
		};
		323E333614D86C6200404FC9 /* Supporting Files */ = {
			isa = PBXGroup;
			children = (
				323E333714D86C6200404FC9 /* JenkinsTests-Info.plist */,
				323E333814D86C6200404FC9 /* InfoPlist.strings */,
				323E333B14D86C6200404FC9 /* JenkinsTests-Prefix.pch */,
			);
			name = "Supporting Files";
			sourceTree = "<group>";
		};
		323E335514D8721200404FC9 /* JenkinsJobsForView */ = {
			isa = PBXGroup;
			children = (
				323E335014D871CA00404FC9 /* JenkinsJobsForView.h */,
				323E335114D871CA00404FC9 /* JenkinsJobsForView.m */,
				323E335214D871CA00404FC9 /* JenkinsJobsForView.xib */,
			);
			name = JenkinsJobsForView;
			sourceTree = "<group>";
		};
		323E335614D88CC500404FC9 /* RootViewController */ = {
			isa = PBXGroup;
			children = (
				323E332314D86C6200404FC9 /* RootViewController.h */,
				323E332414D86C6200404FC9 /* RootViewController.m */,
				323E332614D86C6200404FC9 /* RootViewController.xib */,
			);
			name = RootViewController;
			sourceTree = "<group>";
		};
		323E335714D88CDF00404FC9 /* Misc */ = {
			isa = PBXGroup;
			children = (
				323E331D14D86C6200404FC9 /* Jenkins.xcdatamodeld */,
				323E331A14D86C6100404FC9 /* JenkinsAppDelegate.h */,
				323E331B14D86C6100404FC9 /* JenkinsAppDelegate.m */,
				323E332014D86C6200404FC9 /* MainWindow.xib */,
			);
			name = Misc;
			sourceTree = "<group>";
		};
		323E335814D88D6F00404FC9 /* Helpers */ = {
			isa = PBXGroup;
			children = (
				323E336914D8964700404FC9 /* ExternalFrameworks */,
				323E339814D8991000404FC9 /* JenkinsHelpers */,
				323E339714D898E800404FC9 /* DataManupulationHelpers */,
			);
			name = Helpers;
			sourceTree = "<group>";
		};
		323E336914D8964700404FC9 /* ExternalFrameworks */ = {
			isa = PBXGroup;
			children = (
				323E337414D8980800404FC9 /* AFNetworking */,
				323E336D14D8966600404FC9 /* JSONKit */,
			);
			name = ExternalFrameworks;
			sourceTree = "<group>";
		};
		323E336D14D8966600404FC9 /* JSONKit */ = {
			isa = PBXGroup;
			children = (
				323E336A14D8966000404FC9 /* JSONKit.h */,
				323E336B14D8966000404FC9 /* JSONKit.m */,
			);
			name = JSONKit;
			sourceTree = "<group>";
		};
		323E337414D8980800404FC9 /* AFNetworking */ = {
			isa = PBXGroup;
			children = (
				323E337514D8982400404FC9 /* AFHTTPClient.h */,
				323E337614D8982400404FC9 /* AFHTTPClient.m */,
				323E337714D8982400404FC9 /* AFHTTPRequestOperation.h */,
				323E337814D8982400404FC9 /* AFHTTPRequestOperation.m */,
				323E337914D8982400404FC9 /* AFImageCache.h */,
				323E337A14D8982400404FC9 /* AFImageCache.m */,
				323E337B14D8982400404FC9 /* AFImageRequestOperation.h */,
				323E337C14D8982400404FC9 /* AFImageRequestOperation.m */,
				323E337D14D8982400404FC9 /* AFJSONRequestOperation.h */,
				323E337E14D8982400404FC9 /* AFJSONRequestOperation.m */,
				323E337F14D8982400404FC9 /* AFNetworkActivityIndicatorManager.h */,
				323E338014D8982400404FC9 /* AFNetworkActivityIndicatorManager.m */,
				323E338114D8982400404FC9 /* AFNetworking.h */,
				323E338214D8982400404FC9 /* AFPropertyListRequestOperation.h */,
				323E338314D8982400404FC9 /* AFPropertyListRequestOperation.m */,
				323E338414D8982400404FC9 /* AFURLConnectionOperation.h */,
				323E338514D8982400404FC9 /* AFURLConnectionOperation.m */,
				323E338614D8982400404FC9 /* AFXMLRequestOperation.h */,
				323E338714D8982400404FC9 /* AFXMLRequestOperation.m */,
				323E338814D8982400404FC9 /* UIImageView+AFNetworking.h */,
				323E338914D8982400404FC9 /* UIImageView+AFNetworking.m */,
			);
			name = AFNetworking;
			sourceTree = "<group>";
		};
		323E339714D898E800404FC9 /* DataManupulationHelpers */ = {
			isa = PBXGroup;
			children = (
				323E336E14D8973A00404FC9 /* DictionaryHelper.h */,
				323E336F14D8973A00404FC9 /* DictionaryHelper.m */,
				323E337114D8977500404FC9 /* StringHelper.h */,
				323E337214D8977500404FC9 /* StringHelper.m */,
				323E339414D898CA00404FC9 /* DataHelper.h */,
				323E339514D898CA00404FC9 /* DataHelper.m */,
			);
			name = DataManupulationHelpers;
			sourceTree = "<group>";
		};
		323E339814D8991000404FC9 /* JenkinsHelpers */ = {
			isa = PBXGroup;
			children = (
				32DC63EC14DB47B50040FF4B /* JobHelper.h */,
				32DC63ED14DB47B50040FF4B /* JobHelper.m */,
				323E335914D88F7600404FC9 /* JenkinsViewHelper.h */,
				323E335A14D88F7600404FC9 /* JenkinsViewHelper.m */,
			);
			name = JenkinsHelpers;
			sourceTree = "<group>";
		};
		329F0DB014DB7AF000AABFD0 /* JenkinsViews */ = {
			isa = PBXGroup;
			children = (
				32DC63E014DB2C740040FF4B /* JenkinsJobView */,
				32DC63D914DB18A40040FF4B /* JenkinsListAllViews */,
				323E335514D8721200404FC9 /* JenkinsJobsForView */,
			);
			name = JenkinsViews;
			sourceTree = "<group>";
		};
		32C357DB14D9D2E3000F5691 /* Resources */ = {
			isa = PBXGroup;
			children = (
				32C357DC14D9D2EF000F5691 /* Images */,
			);
			name = Resources;
			sourceTree = "<group>";
		};
		32C357DC14D9D2EF000F5691 /* Images */ = {
			isa = PBXGroup;
			children = (
				32C357DD14D9D300000F5691 /* blue.png */,
				32CCEFFB14DBBD0300CF66C0 /* package.png */,
				32C357DE14D9D300000F5691 /* clipboard.png */,
				32C0F56214DB70B5008EB543 /* folder.png */,
				32C0F56014DB6F12008EB543 /* blank.png */,
				32C357DF14D9D300000F5691 /* clock.png */,
				32C357E014D9D300000F5691 /* grey.png */,
				32C357E114D9D300000F5691 /* health-00to19.png */,
				32C357E214D9D300000F5691 /* health-20to39.png */,
				32C357F514D9D931000F5691 /* aborted.png */,
				32C0F55D14DB6F06008EB543 /* aborted_anime.png */,
				32C357F614D9D931000F5691 /* disabled.png */,
				32C357E314D9D300000F5691 /* health-40to59.png */,
				32C357E414D9D300000F5691 /* health-60to79.png */,
				32DC63F714DB679D0040FF4B /* blue_anime.png */,
				32DC63F814DB679E0040FF4B /* grey_anime.png */,
				32DC63F914DB679E0040FF4B /* red_anime.png */,
				32DC63FA14DB679E0040FF4B /* yellow_anime.png */,
				32C357E514D9D300000F5691 /* health-80plus.png */,
				32C357E614D9D300000F5691 /* red.png */,
				32C357E714D9D300000F5691 /* terminal.png */,
				32C357E814D9D300000F5691 /* yellow.png */,
			);
			name = Images;
			sourceTree = "<group>";
		};
		32DC63D914DB18A40040FF4B /* JenkinsListAllViews */ = {
			isa = PBXGroup;
			children = (
				32DC63DB14DB18C00040FF4B /* JenkinsListAllViews.h */,
				32DC63DC14DB18C00040FF4B /* JenkinsListAllViews.m */,
				32DC63DD14DB18C00040FF4B /* JenkinsListAllViews.xib */,
			);
			name = JenkinsListAllViews;
			sourceTree = "<group>";
		};
		32DC63E014DB2C740040FF4B /* JenkinsJobView */ = {
			isa = PBXGroup;
			children = (
				32DC63E614DB2CA70040FF4B /* JenkinsJobView.h */,
				32DC63E714DB2CA70040FF4B /* JenkinsJobView.m */,
				32DC63E814DB2CA70040FF4B /* JenkinsJobView.xib */,
			);
			name = JenkinsJobView;
			sourceTree = "<group>";
		};
/* End PBXGroup section */

/* Begin PBXNativeTarget section */
		323E330414D86C6100404FC9 /* Jenkins */ = {
			isa = PBXNativeTarget;
			buildConfigurationList = 323E334214D86C6200404FC9 /* Build configuration list for PBXNativeTarget "Jenkins" */;
			buildPhases = (
				323E330114D86C6100404FC9 /* Sources */,
				323E330214D86C6100404FC9 /* Frameworks */,
				323E330314D86C6100404FC9 /* Resources */,
			);
			buildRules = (
			);
			dependencies = (
			);
			name = Jenkins;
			productName = Jenkins;
			productReference = 323E330514D86C6100404FC9 /* Jenkins.app */;
			productType = "com.apple.product-type.application";
		};
		323E332D14D86C6200404FC9 /* JenkinsTests */ = {
			isa = PBXNativeTarget;
			buildConfigurationList = 323E334514D86C6200404FC9 /* Build configuration list for PBXNativeTarget "JenkinsTests" */;
			buildPhases = (
				323E332914D86C6200404FC9 /* Sources */,
				323E332A14D86C6200404FC9 /* Frameworks */,
				323E332B14D86C6200404FC9 /* Resources */,
				323E332C14D86C6200404FC9 /* ShellScript */,
			);
			buildRules = (
			);
			dependencies = (
				323E333414D86C6200404FC9 /* PBXTargetDependency */,
			);
			name = JenkinsTests;
			productName = JenkinsTests;
			productReference = 323E332E14D86C6200404FC9 /* JenkinsTests.octest */;
			productType = "com.apple.product-type.bundle";
		};
/* End PBXNativeTarget section */

/* Begin PBXProject section */
		323E32FC14D86C6100404FC9 /* Project object */ = {
			isa = PBXProject;
			buildConfigurationList = 323E32FF14D86C6100404FC9 /* Build configuration list for PBXProject "Jenkins" */;
			compatibilityVersion = "Xcode 3.2";
			developmentRegion = English;
			hasScannedForEncodings = 0;
			knownRegions = (
				en,
			);
			mainGroup = 323E32FA14D86C6100404FC9;
			productRefGroup = 323E330614D86C6100404FC9 /* Products */;
			projectDirPath = "";
			projectRoot = "";
			targets = (
				323E330414D86C6100404FC9 /* Jenkins */,
				323E332D14D86C6200404FC9 /* JenkinsTests */,
			);
		};
/* End PBXProject section */

/* Begin PBXResourcesBuildPhase section */
		323E330314D86C6100404FC9 /* Resources */ = {
			isa = PBXResourcesBuildPhase;
			buildActionMask = 2147483647;
			files = (
				323E331614D86C6100404FC9 /* InfoPlist.strings in Resources */,
				323E332214D86C6200404FC9 /* MainWindow.xib in Resources */,
				323E332814D86C6200404FC9 /* RootViewController.xib in Resources */,
				323E335414D871CA00404FC9 /* JenkinsJobsForView.xib in Resources */,
				32C357E914D9D300000F5691 /* blue.png in Resources */,
				32C357EA14D9D300000F5691 /* clipboard.png in Resources */,
				32C357EB14D9D300000F5691 /* clock.png in Resources */,
				32C357EC14D9D300000F5691 /* grey.png in Resources */,
				32C357ED14D9D300000F5691 /* health-00to19.png in Resources */,
				32C357EE14D9D300000F5691 /* health-20to39.png in Resources */,
				32C357EF14D9D300000F5691 /* health-40to59.png in Resources */,
				32C357F014D9D300000F5691 /* health-60to79.png in Resources */,
				32C357F114D9D300000F5691 /* health-80plus.png in Resources */,
				32C357F214D9D300000F5691 /* red.png in Resources */,
				32C357F314D9D300000F5691 /* terminal.png in Resources */,
				32C357F414D9D300000F5691 /* yellow.png in Resources */,
				32C357F714D9D931000F5691 /* aborted.png in Resources */,
				32C357F814D9D931000F5691 /* disabled.png in Resources */,
				32DC63DF14DB18C00040FF4B /* JenkinsListAllViews.xib in Resources */,
				32DC63EA14DB2CA70040FF4B /* JenkinsJobView.xib in Resources */,
				32DC63FB14DB679E0040FF4B /* blue_anime.png in Resources */,
				32DC63FC14DB679E0040FF4B /* grey_anime.png in Resources */,
				32DC63FD14DB679E0040FF4B /* red_anime.png in Resources */,
				32DC63FE14DB679E0040FF4B /* yellow_anime.png in Resources */,
				32C0F55E14DB6F06008EB543 /* aborted_anime.png in Resources */,
				32C0F56114DB6F12008EB543 /* blank.png in Resources */,
				32C0F56314DB70B5008EB543 /* folder.png in Resources */,
				32CCEFFC14DBBD0300CF66C0 /* package.png in Resources */,
			);
			runOnlyForDeploymentPostprocessing = 0;
		};
		323E332B14D86C6200404FC9 /* Resources */ = {
			isa = PBXResourcesBuildPhase;
			buildActionMask = 2147483647;
			files = (
				323E333A14D86C6200404FC9 /* InfoPlist.strings in Resources */,
				323E333D14D86C6200404FC9 /* JenkinsTests.h in Resources */,
			);
			runOnlyForDeploymentPostprocessing = 0;
		};
/* End PBXResourcesBuildPhase section */

/* Begin PBXShellScriptBuildPhase section */
		323E332C14D86C6200404FC9 /* ShellScript */ = {
			isa = PBXShellScriptBuildPhase;
			buildActionMask = 2147483647;
			files = (
			);
			inputPaths = (
			);
			outputPaths = (
			);
			runOnlyForDeploymentPostprocessing = 0;
			shellPath = /bin/sh;
			shellScript = "# Run the unit tests in this test bundle.\n\"${SYSTEM_DEVELOPER_DIR}/Tools/RunUnitTests\"\n";
		};
/* End PBXShellScriptBuildPhase section */

/* Begin PBXSourcesBuildPhase section */
		323E330114D86C6100404FC9 /* Sources */ = {
			isa = PBXSourcesBuildPhase;
			buildActionMask = 2147483647;
			files = (
				323E331914D86C6100404FC9 /* main.m in Sources */,
				323E331C14D86C6100404FC9 /* JenkinsAppDelegate.m in Sources */,
				323E331F14D86C6200404FC9 /* Jenkins.xcdatamodeld in Sources */,
				323E332514D86C6200404FC9 /* RootViewController.m in Sources */,
				323E335314D871CA00404FC9 /* JenkinsJobsForView.m in Sources */,
				323E335B14D88F7600404FC9 /* JenkinsViewHelper.m in Sources */,
				323E336C14D8966000404FC9 /* JSONKit.m in Sources */,
				323E337014D8973A00404FC9 /* DictionaryHelper.m in Sources */,
				323E337314D8977500404FC9 /* StringHelper.m in Sources */,
				323E338A14D8982400404FC9 /* AFHTTPClient.m in Sources */,
				323E338B14D8982400404FC9 /* AFHTTPRequestOperation.m in Sources */,
				323E338C14D8982400404FC9 /* AFImageCache.m in Sources */,
				323E338D14D8982400404FC9 /* AFImageRequestOperation.m in Sources */,
				323E338E14D8982400404FC9 /* AFJSONRequestOperation.m in Sources */,
				323E338F14D8982400404FC9 /* AFNetworkActivityIndicatorManager.m in Sources */,
				323E339014D8982400404FC9 /* AFPropertyListRequestOperation.m in Sources */,
				323E339114D8982400404FC9 /* AFURLConnectionOperation.m in Sources */,
				323E339214D8982400404FC9 /* AFXMLRequestOperation.m in Sources */,
				323E339314D8982400404FC9 /* UIImageView+AFNetworking.m in Sources */,
				323E339614D898CA00404FC9 /* DataHelper.m in Sources */,
				32DC63DE14DB18C00040FF4B /* JenkinsListAllViews.m in Sources */,
				32DC63E914DB2CA70040FF4B /* JenkinsJobView.m in Sources */,
				32DC63EE14DB47B50040FF4B /* JobHelper.m in Sources */,
			);
			runOnlyForDeploymentPostprocessing = 0;
		};
		323E332914D86C6200404FC9 /* Sources */ = {
			isa = PBXSourcesBuildPhase;
			buildActionMask = 2147483647;
			files = (
				323E333F14D86C6200404FC9 /* JenkinsTests.m in Sources */,
			);
			runOnlyForDeploymentPostprocessing = 0;
		};
/* End PBXSourcesBuildPhase section */

/* Begin PBXTargetDependency section */
		323E333414D86C6200404FC9 /* PBXTargetDependency */ = {
			isa = PBXTargetDependency;
			target = 323E330414D86C6100404FC9 /* Jenkins */;
			targetProxy = 323E333314D86C6200404FC9 /* PBXContainerItemProxy */;
		};
/* End PBXTargetDependency section */

/* Begin PBXVariantGroup section */
		323E331414D86C6100404FC9 /* InfoPlist.strings */ = {
			isa = PBXVariantGroup;
			children = (
				323E331514D86C6100404FC9 /* en */,
			);
			name = InfoPlist.strings;
			sourceTree = "<group>";
		};
		323E332014D86C6200404FC9 /* MainWindow.xib */ = {
			isa = PBXVariantGroup;
			children = (
				323E332114D86C6200404FC9 /* en */,
			);
			name = MainWindow.xib;
			sourceTree = "<group>";
		};
		323E332614D86C6200404FC9 /* RootViewController.xib */ = {
			isa = PBXVariantGroup;
			children = (
				323E332714D86C6200404FC9 /* en */,
			);
			name = RootViewController.xib;
			sourceTree = "<group>";
		};
		323E333814D86C6200404FC9 /* InfoPlist.strings */ = {
			isa = PBXVariantGroup;
			children = (
				323E333914D86C6200404FC9 /* en */,
			);
			name = InfoPlist.strings;
			sourceTree = "<group>";
		};
/* End PBXVariantGroup section */

/* Begin XCBuildConfiguration section */
		323E334014D86C6200404FC9 /* Debug */ = {
			isa = XCBuildConfiguration;
			buildSettings = {
				ARCHS = "$(ARCHS_STANDARD_32_BIT)";
				"CODE_SIGN_IDENTITY[sdk=iphoneos*]" = "iPhone Developer";
				GCC_C_LANGUAGE_STANDARD = gnu99;
				GCC_OPTIMIZATION_LEVEL = 0;
				GCC_PREPROCESSOR_DEFINITIONS = DEBUG;
				GCC_SYMBOLS_PRIVATE_EXTERN = NO;
				GCC_VERSION = com.apple.compilers.llvmgcc42;
				GCC_WARN_ABOUT_RETURN_TYPE = YES;
				GCC_WARN_UNUSED_VARIABLE = YES;
				IPHONEOS_DEPLOYMENT_TARGET = 4.3;
				SDKROOT = iphoneos;
			};
			name = Debug;
		};
		323E334114D86C6200404FC9 /* Release */ = {
			isa = XCBuildConfiguration;
			buildSettings = {
				ARCHS = "$(ARCHS_STANDARD_32_BIT)";
				"CODE_SIGN_IDENTITY[sdk=iphoneos*]" = "iPhone Developer";
				GCC_C_LANGUAGE_STANDARD = gnu99;
				GCC_VERSION = com.apple.compilers.llvmgcc42;
				GCC_WARN_ABOUT_RETURN_TYPE = YES;
				GCC_WARN_UNUSED_VARIABLE = YES;
				IPHONEOS_DEPLOYMENT_TARGET = 4.3;
				OTHER_CFLAGS = "-DNS_BLOCK_ASSERTIONS=1";
				SDKROOT = iphoneos;
			};
			name = Release;
		};
		323E334314D86C6200404FC9 /* Debug */ = {
			isa = XCBuildConfiguration;
			buildSettings = {
				ALWAYS_SEARCH_USER_PATHS = NO;
				COPY_PHASE_STRIP = NO;
				GCC_DYNAMIC_NO_PIC = NO;
				GCC_PRECOMPILE_PREFIX_HEADER = YES;
				GCC_PREFIX_HEADER = "Jenkins/Jenkins-Prefix.pch";
				INFOPLIST_FILE = "Jenkins/Jenkins-Info.plist";
				PRODUCT_NAME = "$(TARGET_NAME)";
				WRAPPER_EXTENSION = app;
			};
			name = Debug;
		};
		323E334414D86C6200404FC9 /* Release */ = {
			isa = XCBuildConfiguration;
			buildSettings = {
				ALWAYS_SEARCH_USER_PATHS = NO;
				COPY_PHASE_STRIP = YES;
				GCC_PRECOMPILE_PREFIX_HEADER = YES;
				GCC_PREFIX_HEADER = "Jenkins/Jenkins-Prefix.pch";
				INFOPLIST_FILE = "Jenkins/Jenkins-Info.plist";
				PRODUCT_NAME = "$(TARGET_NAME)";
				VALIDATE_PRODUCT = YES;
				WRAPPER_EXTENSION = app;
			};
			name = Release;
		};
		323E334614D86C6200404FC9 /* Debug */ = {
			isa = XCBuildConfiguration;
			buildSettings = {
				ALWAYS_SEARCH_USER_PATHS = NO;
				BUNDLE_LOADER = "$(BUILT_PRODUCTS_DIR)/Jenkins.app/Jenkins";
				FRAMEWORK_SEARCH_PATHS = (
					"$(SDKROOT)/Developer/Library/Frameworks",
					"$(DEVELOPER_LIBRARY_DIR)/Frameworks",
				);
				GCC_PRECOMPILE_PREFIX_HEADER = YES;
				GCC_PREFIX_HEADER = "JenkinsTests/JenkinsTests-Prefix.pch";
				INFOPLIST_FILE = "JenkinsTests/JenkinsTests-Info.plist";
				OTHER_LDFLAGS = (
					"-framework",
					SenTestingKit,
				);
				PRODUCT_NAME = "$(TARGET_NAME)";
				TEST_HOST = "$(BUNDLE_LOADER)";
				WRAPPER_EXTENSION = octest;
			};
			name = Debug;
		};
		323E334714D86C6200404FC9 /* Release */ = {
			isa = XCBuildConfiguration;
			buildSettings = {
				ALWAYS_SEARCH_USER_PATHS = NO;
				BUNDLE_LOADER = "$(BUILT_PRODUCTS_DIR)/Jenkins.app/Jenkins";
				FRAMEWORK_SEARCH_PATHS = (
					"$(SDKROOT)/Developer/Library/Frameworks",
					"$(DEVELOPER_LIBRARY_DIR)/Frameworks",
				);
				GCC_PRECOMPILE_PREFIX_HEADER = YES;
				GCC_PREFIX_HEADER = "JenkinsTests/JenkinsTests-Prefix.pch";
				INFOPLIST_FILE = "JenkinsTests/JenkinsTests-Info.plist";
				OTHER_LDFLAGS = (
					"-framework",
					SenTestingKit,
				);
				PRODUCT_NAME = "$(TARGET_NAME)";
				TEST_HOST = "$(BUNDLE_LOADER)";
				WRAPPER_EXTENSION = octest;
			};
			name = Release;
		};
/* End XCBuildConfiguration section */

/* Begin XCConfigurationList section */
		323E32FF14D86C6100404FC9 /* Build configuration list for PBXProject "Jenkins" */ = {
			isa = XCConfigurationList;
			buildConfigurations = (
				323E334014D86C6200404FC9 /* Debug */,
				323E334114D86C6200404FC9 /* Release */,
			);
			defaultConfigurationIsVisible = 0;
			defaultConfigurationName = Release;
		};
		323E334214D86C6200404FC9 /* Build configuration list for PBXNativeTarget "Jenkins" */ = {
			isa = XCConfigurationList;
			buildConfigurations = (
				323E334314D86C6200404FC9 /* Debug */,
				323E334414D86C6200404FC9 /* Release */,
			);
			defaultConfigurationIsVisible = 0;
			defaultConfigurationName = Release;
		};
		323E334514D86C6200404FC9 /* Build configuration list for PBXNativeTarget "JenkinsTests" */ = {
			isa = XCConfigurationList;
			buildConfigurations = (
				323E334614D86C6200404FC9 /* Debug */,
				323E334714D86C6200404FC9 /* Release */,
			);
			defaultConfigurationIsVisible = 0;
			defaultConfigurationName = Release;
		};
/* End XCConfigurationList section */

/* Begin XCVersionGroup section */
		323E331D14D86C6200404FC9 /* Jenkins.xcdatamodeld */ = {
			isa = XCVersionGroup;
			children = (
				323E331E14D86C6200404FC9 /* Jenkins.xcdatamodel */,
			);
			currentVersion = 323E331E14D86C6200404FC9 /* Jenkins.xcdatamodel */;
			path = Jenkins.xcdatamodeld;
			sourceTree = "<group>";
			versionGroupType = wrapper.xcdatamodel;
		};
/* End XCVersionGroup section */
	};
	rootObject = 323E32FC14D86C6100404FC9 /* Project object */;
}
