// !$*UTF8*$!
{
	archiveVersion = 1;
	classes = {
	};
	objectVersion = 46;
	objects = {

/* Begin PBXBuildFile section */
		323E330A14D86C6100404FC9 /* UIKit.framework in Frameworks */ = {isa = PBXBuildFile; fileRef = 323E330914D86C6100404FC9 /* UIKit.framework */; };
		323E330C14D86C6100404FC9 /* Foundation.framework in Frameworks */ = {isa = PBXBuildFile; fileRef = 323E330B14D86C6100404FC9 /* Foundation.framework */; };
		323E330E14D86C6100404FC9 /* CoreGraphics.framework in Frameworks */ = {isa = PBXBuildFile; fileRef = 323E330D14D86C6100404FC9 /* CoreGraphics.framework */; };
		323E331014D86C6100404FC9 /* CoreData.framework in Frameworks */ = {isa = PBXBuildFile; fileRef = 323E330F14D86C6100404FC9 /* CoreData.framework */; };
		323E331614D86C6100404FC9 /* InfoPlist.strings in Resources */ = {isa = PBXBuildFile; fileRef = 323E331414D86C6100404FC9 /* InfoPlist.strings */; };
		323E331914D86C6100404FC9 /* main.m in Sources */ = {isa = PBXBuildFile; fileRef = 323E331814D86C6100404FC9 /* main.m */; };
		323E331C14D86C6100404FC9 /* JenkinsAppDelegate.m in Sources */ = {isa = PBXBuildFile; fileRef = 323E331B14D86C6100404FC9 /* JenkinsAppDelegate.m */; };
		323E331F14D86C6200404FC9 /* Jenkins.xcdatamodeld in Sources */ = {isa = PBXBuildFile; fileRef = 323E331D14D86C6200404FC9 /* Jenkins.xcdatamodeld */; };
		323E332214D86C6200404FC9 /* MainWindow.xib in Resources */ = {isa = PBXBuildFile; fileRef = 323E332014D86C6200404FC9 /* MainWindow.xib */; };
		323E332514D86C6200404FC9 /* RootViewController.m in Sources */ = {isa = PBXBuildFile; fileRef = 323E332414D86C6200404FC9 /* RootViewController.m */; };
		323E332814D86C6200404FC9 /* RootViewController.xib in Resources */ = {isa = PBXBuildFile; fileRef = 323E332614D86C6200404FC9 /* RootViewController.xib */; };
		323E332F14D86C6200404FC9 /* UIKit.framework in Frameworks */ = {isa = PBXBuildFile; fileRef = 323E330914D86C6100404FC9 /* UIKit.framework */; };
		323E333014D86C6200404FC9 /* Foundation.framework in Frameworks */ = {isa = PBXBuildFile; fileRef = 323E330B14D86C6100404FC9 /* Foundation.framework */; };
		323E333114D86C6200404FC9 /* CoreGraphics.framework in Frameworks */ = {isa = PBXBuildFile; fileRef = 323E330D14D86C6100404FC9 /* CoreGraphics.framework */; };
		323E333214D86C6200404FC9 /* CoreData.framework in Frameworks */ = {isa = PBXBuildFile; fileRef = 323E330F14D86C6100404FC9 /* CoreData.framework */; };
		323E333A14D86C6200404FC9 /* InfoPlist.strings in Resources */ = {isa = PBXBuildFile; fileRef = 323E333814D86C6200404FC9 /* InfoPlist.strings */; };
		323E333D14D86C6200404FC9 /* JenkinsTests.h in Resources */ = {isa = PBXBuildFile; fileRef = 323E333C14D86C6200404FC9 /* JenkinsTests.h */; };
		323E333F14D86C6200404FC9 /* JenkinsTests.m in Sources */ = {isa = PBXBuildFile; fileRef = 323E333E14D86C6200404FC9 /* JenkinsTests.m */; };
		323E335314D871CA00404FC9 /* JenkinsJobsForView.m in Sources */ = {isa = PBXBuildFile; fileRef = 323E335114D871CA00404FC9 /* JenkinsJobsForView.m */; };
		323E335414D871CA00404FC9 /* JenkinsJobsForView.xib in Resources */ = {isa = PBXBuildFile; fileRef = 323E335214D871CA00404FC9 /* JenkinsJobsForView.xib */; };
/* End PBXBuildFile section */

/* Begin PBXContainerItemProxy section */
		323E333314D86C6200404FC9 /* PBXContainerItemProxy */ = {
			isa = PBXContainerItemProxy;
			containerPortal = 323E32FC14D86C6100404FC9 /* Project object */;
			proxyType = 1;
			remoteGlobalIDString = 323E330414D86C6100404FC9;
			remoteInfo = Jenkins;
		};
/* End PBXContainerItemProxy section */

/* Begin PBXFileReference section */
		323E330514D86C6100404FC9 /* Jenkins.app */ = {isa = PBXFileReference; explicitFileType = wrapper.application; includeInIndex = 0; path = Jenkins.app; sourceTree = BUILT_PRODUCTS_DIR; };
		323E330914D86C6100404FC9 /* UIKit.framework */ = {isa = PBXFileReference; lastKnownFileType = wrapper.framework; name = UIKit.framework; path = System/Library/Frameworks/UIKit.framework; sourceTree = SDKROOT; };
		323E330B14D86C6100404FC9 /* Foundation.framework */ = {isa = PBXFileReference; lastKnownFileType = wrapper.framework; name = Foundation.framework; path = System/Library/Frameworks/Foundation.framework; sourceTree = SDKROOT; };
		323E330D14D86C6100404FC9 /* CoreGraphics.framework */ = {isa = PBXFileReference; lastKnownFileType = wrapper.framework; name = CoreGraphics.framework; path = System/Library/Frameworks/CoreGraphics.framework; sourceTree = SDKROOT; };
		323E330F14D86C6100404FC9 /* CoreData.framework */ = {isa = PBXFileReference; lastKnownFileType = wrapper.framework; name = CoreData.framework; path = System/Library/Frameworks/CoreData.framework; sourceTree = SDKROOT; };
		323E331314D86C6100404FC9 /* Jenkins-Info.plist */ = {isa = PBXFileReference; lastKnownFileType = text.plist.xml; path = "Jenkins-Info.plist"; sourceTree = "<group>"; };
		323E331514D86C6100404FC9 /* en */ = {isa = PBXFileReference; lastKnownFileType = text.plist.strings; name = en; path = en.lproj/InfoPlist.strings; sourceTree = "<group>"; };
		323E331714D86C6100404FC9 /* Jenkins-Prefix.pch */ = {isa = PBXFileReference; lastKnownFileType = sourcecode.c.h; path = "Jenkins-Prefix.pch"; sourceTree = "<group>"; };
		323E331814D86C6100404FC9 /* main.m */ = {isa = PBXFileReference; lastKnownFileType = sourcecode.c.objc; path = main.m; sourceTree = "<group>"; };
		323E331A14D86C6100404FC9 /* JenkinsAppDelegate.h */ = {isa = PBXFileReference; lastKnownFileType = sourcecode.c.h; path = JenkinsAppDelegate.h; sourceTree = "<group>"; };
		323E331B14D86C6100404FC9 /* JenkinsAppDelegate.m */ = {isa = PBXFileReference; lastKnownFileType = sourcecode.c.objc; path = JenkinsAppDelegate.m; sourceTree = "<group>"; };
		323E331E14D86C6200404FC9 /* Jenkins.xcdatamodel */ = {isa = PBXFileReference; lastKnownFileType = wrapper.xcdatamodel; path = Jenkins.xcdatamodel; sourceTree = "<group>"; };
		323E332114D86C6200404FC9 /* en */ = {isa = PBXFileReference; lastKnownFileType = file.xib; name = en; path = en.lproj/MainWindow.xib; sourceTree = "<group>"; };
		323E332314D86C6200404FC9 /* RootViewController.h */ = {isa = PBXFileReference; lastKnownFileType = sourcecode.c.h; path = RootViewController.h; sourceTree = "<group>"; };
		323E332414D86C6200404FC9 /* RootViewController.m */ = {isa = PBXFileReference; lastKnownFileType = sourcecode.c.objc; path = RootViewController.m; sourceTree = "<group>"; };
		323E332714D86C6200404FC9 /* en */ = {isa = PBXFileReference; lastKnownFileType = file.xib; name = en; path = en.lproj/RootViewController.xib; sourceTree = "<group>"; };
		323E332E14D86C6200404FC9 /* JenkinsTests.octest */ = {isa = PBXFileReference; explicitFileType = wrapper.cfbundle; includeInIndex = 0; path = JenkinsTests.octest; sourceTree = BUILT_PRODUCTS_DIR; };
		323E333714D86C6200404FC9 /* JenkinsTests-Info.plist */ = {isa = PBXFileReference; lastKnownFileType = text.plist.xml; path = "JenkinsTests-Info.plist"; sourceTree = "<group>"; };
		323E333914D86C6200404FC9 /* en */ = {isa = PBXFileReference; lastKnownFileType = text.plist.strings; name = en; path = en.lproj/InfoPlist.strings; sourceTree = "<group>"; };
		323E333B14D86C6200404FC9 /* JenkinsTests-Prefix.pch */ = {isa = PBXFileReference; lastKnownFileType = sourcecode.c.h; path = "JenkinsTests-Prefix.pch"; sourceTree = "<group>"; };
		323E333C14D86C6200404FC9 /* JenkinsTests.h */ = {isa = PBXFileReference; lastKnownFileType = sourcecode.c.h; path = JenkinsTests.h; sourceTree = "<group>"; };
		323E333E14D86C6200404FC9 /* JenkinsTests.m */ = {isa = PBXFileReference; lastKnownFileType = sourcecode.c.objc; path = JenkinsTests.m; sourceTree = "<group>"; };
		323E335014D871CA00404FC9 /* JenkinsJobsForView.h */ = {isa = PBXFileReference; fileEncoding = 4; lastKnownFileType = sourcecode.c.h; path = JenkinsJobsForView.h; sourceTree = "<group>"; };
		323E335114D871CA00404FC9 /* JenkinsJobsForView.m */ = {isa = PBXFileReference; fileEncoding = 4; lastKnownFileType = sourcecode.c.objc; path = JenkinsJobsForView.m; sourceTree = "<group>"; };
		323E335214D871CA00404FC9 /* JenkinsJobsForView.xib */ = {isa = PBXFileReference; fileEncoding = 4; lastKnownFileType = file.xib; path = JenkinsJobsForView.xib; sourceTree = "<group>"; };
/* End PBXFileReference section */

/* Begin PBXFrameworksBuildPhase section */
		323E330214D86C6100404FC9 /* Frameworks */ = {
			isa = PBXFrameworksBuildPhase;
			buildActionMask = 2147483647;
			files = (
				323E330A14D86C6100404FC9 /* UIKit.framework in Frameworks */,
				323E330C14D86C6100404FC9 /* Foundation.framework in Frameworks */,
				323E330E14D86C6100404FC9 /* CoreGraphics.framework in Frameworks */,
				323E331014D86C6100404FC9 /* CoreData.framework in Frameworks */,
			);
			runOnlyForDeploymentPostprocessing = 0;
		};
		323E332A14D86C6200404FC9 /* Frameworks */ = {
			isa = PBXFrameworksBuildPhase;
			buildActionMask = 2147483647;
			files = (
				323E332F14D86C6200404FC9 /* UIKit.framework in Frameworks */,
				323E333014D86C6200404FC9 /* Foundation.framework in Frameworks */,
				323E333114D86C6200404FC9 /* CoreGraphics.framework in Frameworks */,
				323E333214D86C6200404FC9 /* CoreData.framework in Frameworks */,
			);
			runOnlyForDeploymentPostprocessing = 0;
		};
/* End PBXFrameworksBuildPhase section */

/* Begin PBXGroup section */
		323E32FA14D86C6100404FC9 = {
			isa = PBXGroup;
			children = (
				323E331114D86C6100404FC9 /* Jenkins */,
				323E333514D86C6200404FC9 /* JenkinsTests */,
				323E330814D86C6100404FC9 /* Frameworks */,
				323E330614D86C6100404FC9 /* Products */,
			);
			sourceTree = "<group>";
		};
		323E330614D86C6100404FC9 /* Products */ = {
			isa = PBXGroup;
			children = (
				323E330514D86C6100404FC9 /* Jenkins.app */,
				323E332E14D86C6200404FC9 /* JenkinsTests.octest */,
			);
			name = Products;
			sourceTree = "<group>";
		};
		323E330814D86C6100404FC9 /* Frameworks */ = {
			isa = PBXGroup;
			children = (
				323E330914D86C6100404FC9 /* UIKit.framework */,
				323E330B14D86C6100404FC9 /* Foundation.framework */,
				323E330D14D86C6100404FC9 /* CoreGraphics.framework */,
				323E330F14D86C6100404FC9 /* CoreData.framework */,
			);
			name = Frameworks;
			sourceTree = "<group>";
		};
		323E331114D86C6100404FC9 /* Jenkins */ = {
			isa = PBXGroup;
			children = (
				323E335714D88CDF00404FC9 /* Misc */,
				323E335614D88CC500404FC9 /* RootViewController */,
				323E331214D86C6100404FC9 /* Supporting Files */,
				323E335514D8721200404FC9 /* JenkinsJobsForView */,
			);
			path = Jenkins;
			sourceTree = "<group>";
		};
		323E331214D86C6100404FC9 /* Supporting Files */ = {
			isa = PBXGroup;
			children = (
				323E331314D86C6100404FC9 /* Jenkins-Info.plist */,
				323E331414D86C6100404FC9 /* InfoPlist.strings */,
				323E331714D86C6100404FC9 /* Jenkins-Prefix.pch */,
				323E331814D86C6100404FC9 /* main.m */,
			);
			name = "Supporting Files";
			sourceTree = "<group>";
		};
		323E333514D86C6200404FC9 /* JenkinsTests */ = {
			isa = PBXGroup;
			children = (
				323E333C14D86C6200404FC9 /* JenkinsTests.h */,
				323E333E14D86C6200404FC9 /* JenkinsTests.m */,
				323E333614D86C6200404FC9 /* Supporting Files */,
			);
			path = JenkinsTests;
			sourceTree = "<group>";
		};
		323E333614D86C6200404FC9 /* Supporting Files */ = {
			isa = PBXGroup;
			children = (
				323E333714D86C6200404FC9 /* JenkinsTests-Info.plist */,
				323E333814D86C6200404FC9 /* InfoPlist.strings */,
				323E333B14D86C6200404FC9 /* JenkinsTests-Prefix.pch */,
			);
			name = "Supporting Files";
			sourceTree = "<group>";
		};
		323E335514D8721200404FC9 /* JenkinsJobsForView */ = {
			isa = PBXGroup;
			children = (
				323E335014D871CA00404FC9 /* JenkinsJobsForView.h */,
				323E335114D871CA00404FC9 /* JenkinsJobsForView.m */,
				323E335214D871CA00404FC9 /* JenkinsJobsForView.xib */,
			);
			name = JenkinsJobsForView;
			sourceTree = "<group>";
		};
		323E335614D88CC500404FC9 /* RootViewController */ = {
			isa = PBXGroup;
			children = (
				323E332314D86C6200404FC9 /* RootViewController.h */,
				323E332414D86C6200404FC9 /* RootViewController.m */,
				323E332614D86C6200404FC9 /* RootViewController.xib */,
			);
			name = RootViewController;
			sourceTree = "<group>";
		};
		323E335714D88CDF00404FC9 /* Misc */ = {
			isa = PBXGroup;
			children = (
				323E331D14D86C6200404FC9 /* Jenkins.xcdatamodeld */,
				323E331A14D86C6100404FC9 /* JenkinsAppDelegate.h */,
				323E331B14D86C6100404FC9 /* JenkinsAppDelegate.m */,
				323E332014D86C6200404FC9 /* MainWindow.xib */,
			);
			name = Misc;
			sourceTree = "<group>";
		};
/* End PBXGroup section */

/* Begin PBXNativeTarget section */
		323E330414D86C6100404FC9 /* Jenkins */ = {
			isa = PBXNativeTarget;
			buildConfigurationList = 323E334214D86C6200404FC9 /* Build configuration list for PBXNativeTarget "Jenkins" */;
			buildPhases = (
				323E330114D86C6100404FC9 /* Sources */,
				323E330214D86C6100404FC9 /* Frameworks */,
				323E330314D86C6100404FC9 /* Resources */,
			);
			buildRules = (
			);
			dependencies = (
			);
			name = Jenkins;
			productName = Jenkins;
			productReference = 323E330514D86C6100404FC9 /* Jenkins.app */;
			productType = "com.apple.product-type.application";
		};
		323E332D14D86C6200404FC9 /* JenkinsTests */ = {
			isa = PBXNativeTarget;
			buildConfigurationList = 323E334514D86C6200404FC9 /* Build configuration list for PBXNativeTarget "JenkinsTests" */;
			buildPhases = (
				323E332914D86C6200404FC9 /* Sources */,
				323E332A14D86C6200404FC9 /* Frameworks */,
				323E332B14D86C6200404FC9 /* Resources */,
				323E332C14D86C6200404FC9 /* ShellScript */,
			);
			buildRules = (
			);
			dependencies = (
				323E333414D86C6200404FC9 /* PBXTargetDependency */,
			);
			name = JenkinsTests;
			productName = JenkinsTests;
			productReference = 323E332E14D86C6200404FC9 /* JenkinsTests.octest */;
			productType = "com.apple.product-type.bundle";
		};
/* End PBXNativeTarget section */

/* Begin PBXProject section */
		323E32FC14D86C6100404FC9 /* Project object */ = {
			isa = PBXProject;
			buildConfigurationList = 323E32FF14D86C6100404FC9 /* Build configuration list for PBXProject "Jenkins" */;
			compatibilityVersion = "Xcode 3.2";
			developmentRegion = English;
			hasScannedForEncodings = 0;
			knownRegions = (
				en,
			);
			mainGroup = 323E32FA14D86C6100404FC9;
			productRefGroup = 323E330614D86C6100404FC9 /* Products */;
			projectDirPath = "";
			projectRoot = "";
			targets = (
				323E330414D86C6100404FC9 /* Jenkins */,
				323E332D14D86C6200404FC9 /* JenkinsTests */,
			);
		};
/* End PBXProject section */

/* Begin PBXResourcesBuildPhase section */
		323E330314D86C6100404FC9 /* Resources */ = {
			isa = PBXResourcesBuildPhase;
			buildActionMask = 2147483647;
			files = (
				323E331614D86C6100404FC9 /* InfoPlist.strings in Resources */,
				323E332214D86C6200404FC9 /* MainWindow.xib in Resources */,
				323E332814D86C6200404FC9 /* RootViewController.xib in Resources */,
				323E335414D871CA00404FC9 /* JenkinsJobsForView.xib in Resources */,
			);
			runOnlyForDeploymentPostprocessing = 0;
		};
		323E332B14D86C6200404FC9 /* Resources */ = {
			isa = PBXResourcesBuildPhase;
			buildActionMask = 2147483647;
			files = (
				323E333A14D86C6200404FC9 /* InfoPlist.strings in Resources */,
				323E333D14D86C6200404FC9 /* JenkinsTests.h in Resources */,
			);
			runOnlyForDeploymentPostprocessing = 0;
		};
/* End PBXResourcesBuildPhase section */

/* Begin PBXShellScriptBuildPhase section */
		323E332C14D86C6200404FC9 /* ShellScript */ = {
			isa = PBXShellScriptBuildPhase;
			buildActionMask = 2147483647;
			files = (
			);
			inputPaths = (
			);
			outputPaths = (
			);
			runOnlyForDeploymentPostprocessing = 0;
			shellPath = /bin/sh;
			shellScript = "# Run the unit tests in this test bundle.\n\"${SYSTEM_DEVELOPER_DIR}/Tools/RunUnitTests\"\n";
		};
/* End PBXShellScriptBuildPhase section */

/* Begin PBXSourcesBuildPhase section */
		323E330114D86C6100404FC9 /* Sources */ = {
			isa = PBXSourcesBuildPhase;
			buildActionMask = 2147483647;
			files = (
				323E331914D86C6100404FC9 /* main.m in Sources */,
				323E331C14D86C6100404FC9 /* JenkinsAppDelegate.m in Sources */,
				323E331F14D86C6200404FC9 /* Jenkins.xcdatamodeld in Sources */,
				323E332514D86C6200404FC9 /* RootViewController.m in Sources */,
				323E335314D871CA00404FC9 /* JenkinsJobsForView.m in Sources */,
			);
			runOnlyForDeploymentPostprocessing = 0;
		};
		323E332914D86C6200404FC9 /* Sources */ = {
			isa = PBXSourcesBuildPhase;
			buildActionMask = 2147483647;
			files = (
				323E333F14D86C6200404FC9 /* JenkinsTests.m in Sources */,
			);
			runOnlyForDeploymentPostprocessing = 0;
		};
/* End PBXSourcesBuildPhase section */

/* Begin PBXTargetDependency section */
		323E333414D86C6200404FC9 /* PBXTargetDependency */ = {
			isa = PBXTargetDependency;
			target = 323E330414D86C6100404FC9 /* Jenkins */;
			targetProxy = 323E333314D86C6200404FC9 /* PBXContainerItemProxy */;
		};
/* End PBXTargetDependency section */

/* Begin PBXVariantGroup section */
		323E331414D86C6100404FC9 /* InfoPlist.strings */ = {
			isa = PBXVariantGroup;
			children = (
				323E331514D86C6100404FC9 /* en */,
			);
			name = InfoPlist.strings;
			sourceTree = "<group>";
		};
		323E332014D86C6200404FC9 /* MainWindow.xib */ = {
			isa = PBXVariantGroup;
			children = (
				323E332114D86C6200404FC9 /* en */,
			);
			name = MainWindow.xib;
			sourceTree = "<group>";
		};
		323E332614D86C6200404FC9 /* RootViewController.xib */ = {
			isa = PBXVariantGroup;
			children = (
				323E332714D86C6200404FC9 /* en */,
			);
			name = RootViewController.xib;
			sourceTree = "<group>";
		};
		323E333814D86C6200404FC9 /* InfoPlist.strings */ = {
			isa = PBXVariantGroup;
			children = (
				323E333914D86C6200404FC9 /* en */,
			);
			name = InfoPlist.strings;
			sourceTree = "<group>";
		};
/* End PBXVariantGroup section */

/* Begin XCBuildConfiguration section */
		323E334014D86C6200404FC9 /* Debug */ = {
			isa = XCBuildConfiguration;
			buildSettings = {
				ARCHS = "$(ARCHS_STANDARD_32_BIT)";
				"CODE_SIGN_IDENTITY[sdk=iphoneos*]" = "iPhone Developer";
				GCC_C_LANGUAGE_STANDARD = gnu99;
				GCC_OPTIMIZATION_LEVEL = 0;
				GCC_PREPROCESSOR_DEFINITIONS = DEBUG;
				GCC_SYMBOLS_PRIVATE_EXTERN = NO;
				GCC_VERSION = com.apple.compilers.llvmgcc42;
				GCC_WARN_ABOUT_RETURN_TYPE = YES;
				GCC_WARN_UNUSED_VARIABLE = YES;
				IPHONEOS_DEPLOYMENT_TARGET = 4.3;
				SDKROOT = iphoneos;
			};
			name = Debug;
		};
		323E334114D86C6200404FC9 /* Release */ = {
			isa = XCBuildConfiguration;
			buildSettings = {
				ARCHS = "$(ARCHS_STANDARD_32_BIT)";
				"CODE_SIGN_IDENTITY[sdk=iphoneos*]" = "iPhone Developer";
				GCC_C_LANGUAGE_STANDARD = gnu99;
				GCC_VERSION = com.apple.compilers.llvmgcc42;
				GCC_WARN_ABOUT_RETURN_TYPE = YES;
				GCC_WARN_UNUSED_VARIABLE = YES;
				IPHONEOS_DEPLOYMENT_TARGET = 4.3;
				OTHER_CFLAGS = "-DNS_BLOCK_ASSERTIONS=1";
				SDKROOT = iphoneos;
			};
			name = Release;
		};
		323E334314D86C6200404FC9 /* Debug */ = {
			isa = XCBuildConfiguration;
			buildSettings = {
				ALWAYS_SEARCH_USER_PATHS = NO;
				COPY_PHASE_STRIP = NO;
				GCC_DYNAMIC_NO_PIC = NO;
				GCC_PRECOMPILE_PREFIX_HEADER = YES;
				GCC_PREFIX_HEADER = "Jenkins/Jenkins-Prefix.pch";
				INFOPLIST_FILE = "Jenkins/Jenkins-Info.plist";
				PRODUCT_NAME = "$(TARGET_NAME)";
				WRAPPER_EXTENSION = app;
			};
			name = Debug;
		};
		323E334414D86C6200404FC9 /* Release */ = {
			isa = XCBuildConfiguration;
			buildSettings = {
				ALWAYS_SEARCH_USER_PATHS = NO;
				COPY_PHASE_STRIP = YES;
				GCC_PRECOMPILE_PREFIX_HEADER = YES;
				GCC_PREFIX_HEADER = "Jenkins/Jenkins-Prefix.pch";
				INFOPLIST_FILE = "Jenkins/Jenkins-Info.plist";
				PRODUCT_NAME = "$(TARGET_NAME)";
				VALIDATE_PRODUCT = YES;
				WRAPPER_EXTENSION = app;
			};
			name = Release;
		};
		323E334614D86C6200404FC9 /* Debug */ = {
			isa = XCBuildConfiguration;
			buildSettings = {
				ALWAYS_SEARCH_USER_PATHS = NO;
				BUNDLE_LOADER = "$(BUILT_PRODUCTS_DIR)/Jenkins.app/Jenkins";
				FRAMEWORK_SEARCH_PATHS = (
					"$(SDKROOT)/Developer/Library/Frameworks",
					"$(DEVELOPER_LIBRARY_DIR)/Frameworks",
				);
				GCC_PRECOMPILE_PREFIX_HEADER = YES;
				GCC_PREFIX_HEADER = "JenkinsTests/JenkinsTests-Prefix.pch";
				INFOPLIST_FILE = "JenkinsTests/JenkinsTests-Info.plist";
				OTHER_LDFLAGS = (
					"-framework",
					SenTestingKit,
				);
				PRODUCT_NAME = "$(TARGET_NAME)";
				TEST_HOST = "$(BUNDLE_LOADER)";
				WRAPPER_EXTENSION = octest;
			};
			name = Debug;
		};
		323E334714D86C6200404FC9 /* Release */ = {
			isa = XCBuildConfiguration;
			buildSettings = {
				ALWAYS_SEARCH_USER_PATHS = NO;
				BUNDLE_LOADER = "$(BUILT_PRODUCTS_DIR)/Jenkins.app/Jenkins";
				FRAMEWORK_SEARCH_PATHS = (
					"$(SDKROOT)/Developer/Library/Frameworks",
					"$(DEVELOPER_LIBRARY_DIR)/Frameworks",
				);
				GCC_PRECOMPILE_PREFIX_HEADER = YES;
				GCC_PREFIX_HEADER = "JenkinsTests/JenkinsTests-Prefix.pch";
				INFOPLIST_FILE = "JenkinsTests/JenkinsTests-Info.plist";
				OTHER_LDFLAGS = (
					"-framework",
					SenTestingKit,
				);
				PRODUCT_NAME = "$(TARGET_NAME)";
				TEST_HOST = "$(BUNDLE_LOADER)";
				WRAPPER_EXTENSION = octest;
			};
			name = Release;
		};
/* End XCBuildConfiguration section */

/* Begin XCConfigurationList section */
		323E32FF14D86C6100404FC9 /* Build configuration list for PBXProject "Jenkins" */ = {
			isa = XCConfigurationList;
			buildConfigurations = (
				323E334014D86C6200404FC9 /* Debug */,
				323E334114D86C6200404FC9 /* Release */,
			);
			defaultConfigurationIsVisible = 0;
			defaultConfigurationName = Release;
		};
		323E334214D86C6200404FC9 /* Build configuration list for PBXNativeTarget "Jenkins" */ = {
			isa = XCConfigurationList;
			buildConfigurations = (
				323E334314D86C6200404FC9 /* Debug */,
				323E334414D86C6200404FC9 /* Release */,
			);
			defaultConfigurationIsVisible = 0;
		};
		323E334514D86C6200404FC9 /* Build configuration list for PBXNativeTarget "JenkinsTests" */ = {
			isa = XCConfigurationList;
			buildConfigurations = (
				323E334614D86C6200404FC9 /* Debug */,
				323E334714D86C6200404FC9 /* Release */,
			);
			defaultConfigurationIsVisible = 0;
		};
/* End XCConfigurationList section */

/* Begin XCVersionGroup section */
		323E331D14D86C6200404FC9 /* Jenkins.xcdatamodeld */ = {
			isa = XCVersionGroup;
			children = (
				323E331E14D86C6200404FC9 /* Jenkins.xcdatamodel */,
			);
			currentVersion = 323E331E14D86C6200404FC9 /* Jenkins.xcdatamodel */;
			path = Jenkins.xcdatamodeld;
			sourceTree = "<group>";
			versionGroupType = wrapper.xcdatamodel;
		};
/* End XCVersionGroup section */
	};
	rootObject = 323E32FC14D86C6100404FC9 /* Project object */;
}
